
Microsoft Visual Studio Solution File, Format Version 12.00
# Visual Studio Version 16
VisualStudioVersion = 16.0.31410.357
MinimumVisualStudioVersion = 10.0.40219.1
Project("{9A19103F-16F7-4668-BE54-9A1E7A4F7556}") = "HRAdmin", "HRAdmin.csproj", "{3EDF94F2-AF81-4E28-8BB4-30DBBAD677E6}"
EndProject
Project("{9A19103F-16F7-4668-BE54-9A1E7A4F7556}") = "HRDataAccess", "..\HRDataAccess\HRDataAccess.csproj", "{BA218634-74A2-458B-AEF4-F656C3F187C4}"
EndProject
Project("{9A19103F-16F7-4668-BE54-9A1E7A4F7556}") = "HRModel", "..\HRModel\HRModel.csproj", "{A7295D5F-5230-4461-965F-527E2D8FD0B5}"
EndProject
Global
	GlobalSection(SolutionConfigurationPlatforms) = preSolution
		Debug|Any CPU = Debug|Any CPU
		Release|Any CPU = Release|Any CPU
	EndGlobalSection
	GlobalSection(ProjectConfigurationPlatforms) = postSolution
		{3EDF94F2-AF81-4E28-8BB4-30DBBAD677E6}.Debug|Any CPU.ActiveCfg = Debug|Any CPU
		{3EDF94F2-AF81-4E28-8BB4-30DBBAD677E6}.Debug|Any CPU.Build.0 = Debug|Any CPU
		{3EDF94F2-AF81-4E28-8BB4-30DBBAD677E6}.Release|Any CPU.ActiveCfg = Release|Any CPU
		{3EDF94F2-AF81-4E28-8BB4-30DBBAD677E6}.Release|Any CPU.Build.0 = Release|Any CPU
		{BA218634-74A2-458B-AEF4-F656C3F187C4}.Debug|Any CPU.ActiveCfg = Debug|Any CPU
		{BA218634-74A2-458B-AEF4-F656C3F187C4}.Debug|Any CPU.Build.0 = Debug|Any CPU
		{BA218634-74A2-458B-AEF4-F656C3F187C4}.Release|Any CPU.ActiveCfg = Release|Any CPU
		{BA218634-74A2-458B-AEF4-F656C3F187C4}.Release|Any CPU.Build.0 = Release|Any CPU
		{A7295D5F-5230-4461-965F-527E2D8FD0B5}.Debug|Any CPU.ActiveCfg = Debug|Any CPU
		{A7295D5F-5230-4461-965F-527E2D8FD0B5}.Debug|Any CPU.Build.0 = Debug|Any CPU
		{A7295D5F-5230-4461-965F-527E2D8FD0B5}.Release|Any CPU.ActiveCfg = Release|Any CPU
		{A7295D5F-5230-4461-965F-527E2D8FD0B5}.Release|Any CPU.Build.0 = Release|Any CPU
	EndGlobalSection
	GlobalSection(SolutionProperties) = preSolution
		HideSolutionNode = FALSE
	EndGlobalSection
	GlobalSection(ExtensibilityGlobals) = postSolution
		SolutionGuid = {D4848A61-E5DF-4798-A9E8-9403C22091D3}
	EndGlobalSection
EndGlobal
